
Microsoft Visual Studio Solution File, Format Version 12.00
# Visual Studio Version 16
VisualStudioVersion = 16.0.30413.136
MinimumVisualStudioVersion = 10.0.40219.1
Project("{FAE04EC0-301F-11D3-BF4B-00C04F79EFBC}") = "ExercicioFixacaoEnumComp", "ExercicioFixacaoEnumComp\ExercicioFixacaoEnumComp.csproj", "{DA5AB9B6-39DD-4E35-9EAA-3D95E95BE4D8}"
EndProject
Global
	GlobalSection(SolutionConfigurationPlatforms) = preSolution
		Debug|Any CPU = Debug|Any CPU
		Release|Any CPU = Release|Any CPU
	EndGlobalSection
	GlobalSection(ProjectConfigurationPlatforms) = postSolution
		{DA5AB9B6-39DD-4E35-9EAA-3D95E95BE4D8}.Debug|Any CPU.ActiveCfg = Debug|Any CPU
		{DA5AB9B6-39DD-4E35-9EAA-3D95E95BE4D8}.Debug|Any CPU.Build.0 = Debug|Any CPU
		{DA5AB9B6-39DD-4E35-9EAA-3D95E95BE4D8}.Release|Any CPU.ActiveCfg = Release|Any CPU
		{DA5AB9B6-39DD-4E35-9EAA-3D95E95BE4D8}.Release|Any CPU.Build.0 = Release|Any CPU
	EndGlobalSection
	GlobalSection(SolutionProperties) = preSolution
		HideSolutionNode = FALSE
	EndGlobalSection
	GlobalSection(ExtensibilityGlobals) = postSolution
		SolutionGuid = {CD68BEC2-FBD9-4729-B611-EE6C1F7F0363}
	EndGlobalSection
EndGlobal
